
Microsoft Visual Studio Solution File, Format Version 12.00
# Visual Studio Version 17
VisualStudioVersion = 17.0.31912.275
MinimumVisualStudioVersion = 10.0.40219.1
Project("{9A19103F-16F7-4668-BE54-9A1E7A4F7556}") = "Biblioteca.Api", "Biblioteca.Api.csproj", "{F01F17A8-AB88-4814-B101-6C076F06719C}"
EndProject
Project("{FAE04EC0-301F-11D3-BF4B-00C04F79EFBC}") = "Biblioteca.UI", "..\Biblioteca.UI\Biblioteca.UI.csproj", "{C200CC29-5D09-4C54-B65B-A21AF2A16A7D}"
EndProject
Global
	GlobalSection(SolutionConfigurationPlatforms) = preSolution
		Debug|Any CPU = Debug|Any CPU
		Release|Any CPU = Release|Any CPU
	EndGlobalSection
	GlobalSection(ProjectConfigurationPlatforms) = postSolution
		{F01F17A8-AB88-4814-B101-6C076F06719C}.Debug|Any CPU.ActiveCfg = Debug|Any CPU
		{F01F17A8-AB88-4814-B101-6C076F06719C}.Debug|Any CPU.Build.0 = Debug|Any CPU
		{F01F17A8-AB88-4814-B101-6C076F06719C}.Release|Any CPU.ActiveCfg = Release|Any CPU
		{F01F17A8-AB88-4814-B101-6C076F06719C}.Release|Any CPU.Build.0 = Release|Any CPU
		{C200CC29-5D09-4C54-B65B-A21AF2A16A7D}.Debug|Any CPU.ActiveCfg = Debug|Any CPU
		{C200CC29-5D09-4C54-B65B-A21AF2A16A7D}.Debug|Any CPU.Build.0 = Debug|Any CPU
		{C200CC29-5D09-4C54-B65B-A21AF2A16A7D}.Release|Any CPU.ActiveCfg = Release|Any CPU
		{C200CC29-5D09-4C54-B65B-A21AF2A16A7D}.Release|Any CPU.Build.0 = Release|Any CPU
	EndGlobalSection
	GlobalSection(SolutionProperties) = preSolution
		HideSolutionNode = FALSE
	EndGlobalSection
	GlobalSection(ExtensibilityGlobals) = postSolution
		SolutionGuid = {2593CEE1-A083-492F-BBAA-078E8BFC78FE}
	EndGlobalSection
EndGlobal
